// !$*UTF8*$!
{
	archiveVersion = 1;
	classes = {
	};
	objectVersion = 50;
	objects = {

/* Begin PBXBuildFile section */
		120D221722717389002B5445 /* NetworkManager.swift in Sources */ = {isa = PBXBuildFile; fileRef = 120D221622717389002B5445 /* NetworkManager.swift */; };
		120EE35C227220C4002DA6F2 /* CustomTabBarController.swift in Sources */ = {isa = PBXBuildFile; fileRef = 120EE35B227220C4002DA6F2 /* CustomTabBarController.swift */; };
		12278E54226F843E009867D6 /* Group.swift in Sources */ = {isa = PBXBuildFile; fileRef = 12278E53226F843E009867D6 /* Group.swift */; };
		122F006F22755BAB003536D3 /* GroupTableViewCell.swift in Sources */ = {isa = PBXBuildFile; fileRef = 122F006E22755BAB003536D3 /* GroupTableViewCell.swift */; };
		1258569D226FD80200AA6366 /* ClassViewController.swift in Sources */ = {isa = PBXBuildFile; fileRef = 1258569C226FD80200AA6366 /* ClassViewController.swift */; };
		1261854B226F6187004815D2 /* AppDelegate.swift in Sources */ = {isa = PBXBuildFile; fileRef = 1261854A226F6187004815D2 /* AppDelegate.swift */; };
		1261854D226F6187004815D2 /* ViewController.swift in Sources */ = {isa = PBXBuildFile; fileRef = 1261854C226F6187004815D2 /* ViewController.swift */; };
		12618552226F6188004815D2 /* Assets.xcassets in Resources */ = {isa = PBXBuildFile; fileRef = 12618551226F6188004815D2 /* Assets.xcassets */; };
		12618555226F6188004815D2 /* LaunchScreen.storyboard in Resources */ = {isa = PBXBuildFile; fileRef = 12618553226F6188004815D2 /* LaunchScreen.storyboard */; };
		1261855D226F61C2004815D2 /* BrowseViewController.swift in Sources */ = {isa = PBXBuildFile; fileRef = 1261855C226F61C2004815D2 /* BrowseViewController.swift */; };
		1261855F226F61D3004815D2 /* Class.swift in Sources */ = {isa = PBXBuildFile; fileRef = 1261855E226F61D3004815D2 /* Class.swift */; };
		12618561226F620C004815D2 /* ClassTableViewCell.swift in Sources */ = {isa = PBXBuildFile; fileRef = 12618560226F620C004815D2 /* ClassTableViewCell.swift */; };
		12618563226F6DE4004815D2 /* RecentGroupCollectionViewCell.swift in Sources */ = {isa = PBXBuildFile; fileRef = 12618562226F6DE4004815D2 /* RecentGroupCollectionViewCell.swift */; };
		12BF581F227FDA7E00F87A4C /* SignInViewController.swift in Sources */ = {isa = PBXBuildFile; fileRef = 12BF581E227FDA7E00F87A4C /* SignInViewController.swift */; };
		78E293BE7FEE58AEDBCC965D /* Pods_hackchallenge.framework in Frameworks */ = {isa = PBXBuildFile; fileRef = 4E954EFE1D84A91239F4A65F /* Pods_hackchallenge.framework */; };
		CA78C985227659430059526C /* User.swift in Sources */ = {isa = PBXBuildFile; fileRef = CA78C984227659430059526C /* User.swift */; };
		CA78C98E227691EB0059526C /* Assignment.swift in Sources */ = {isa = PBXBuildFile; fileRef = CA78C98D227691EB0059526C /* Assignment.swift */; };
		CA78C990227692300059526C /* Message.swift in Sources */ = {isa = PBXBuildFile; fileRef = CA78C98F227692300059526C /* Message.swift */; };
		CABED14C227A85F800A5283C /* MessagesViewController.swift in Sources */ = {isa = PBXBuildFile; fileRef = CABED14B227A85F800A5283C /* MessagesViewController.swift */; };
		CAC169F1227F8AA80051070A /* Colors.swift in Sources */ = {isa = PBXBuildFile; fileRef = CAC169F0227F8AA80051070A /* Colors.swift */; };
		EAEF96B5227DDCBC00952F12 /* ErrorMessage.swift in Sources */ = {isa = PBXBuildFile; fileRef = EAEF96B4227DDCBC00952F12 /* ErrorMessage.swift */; };
		EAEF96B7227F64F200952F12 /* MessageCell.swift in Sources */ = {isa = PBXBuildFile; fileRef = EAEF96B6227F64F200952F12 /* MessageCell.swift */; };
/* End PBXBuildFile section */

/* Begin PBXFileReference section */
		120D221622717389002B5445 /* NetworkManager.swift */ = {isa = PBXFileReference; lastKnownFileType = sourcecode.swift; path = NetworkManager.swift; sourceTree = "<group>"; };
		120EE35B227220C4002DA6F2 /* CustomTabBarController.swift */ = {isa = PBXFileReference; lastKnownFileType = sourcecode.swift; path = CustomTabBarController.swift; sourceTree = "<group>"; };
		12278E53226F843E009867D6 /* Group.swift */ = {isa = PBXFileReference; lastKnownFileType = sourcecode.swift; path = Group.swift; sourceTree = "<group>"; };
		122F006E22755BAB003536D3 /* GroupTableViewCell.swift */ = {isa = PBXFileReference; lastKnownFileType = sourcecode.swift; path = GroupTableViewCell.swift; sourceTree = "<group>"; };
		1258569C226FD80200AA6366 /* ClassViewController.swift */ = {isa = PBXFileReference; lastKnownFileType = sourcecode.swift; path = ClassViewController.swift; sourceTree = "<group>"; };
		12618547226F6187004815D2 /* hackchallenge.app */ = {isa = PBXFileReference; explicitFileType = wrapper.application; includeInIndex = 0; path = hackchallenge.app; sourceTree = BUILT_PRODUCTS_DIR; };
		1261854A226F6187004815D2 /* AppDelegate.swift */ = {isa = PBXFileReference; lastKnownFileType = sourcecode.swift; path = AppDelegate.swift; sourceTree = "<group>"; };
		1261854C226F6187004815D2 /* ViewController.swift */ = {isa = PBXFileReference; lastKnownFileType = sourcecode.swift; path = ViewController.swift; sourceTree = "<group>"; };
		12618551226F6188004815D2 /* Assets.xcassets */ = {isa = PBXFileReference; lastKnownFileType = folder.assetcatalog; path = Assets.xcassets; sourceTree = "<group>"; };
		12618554226F6188004815D2 /* Base */ = {isa = PBXFileReference; lastKnownFileType = file.storyboard; name = Base; path = Base.lproj/LaunchScreen.storyboard; sourceTree = "<group>"; };
		12618556226F6188004815D2 /* Info.plist */ = {isa = PBXFileReference; lastKnownFileType = text.plist.xml; path = Info.plist; sourceTree = "<group>"; };
		1261855C226F61C2004815D2 /* BrowseViewController.swift */ = {isa = PBXFileReference; lastKnownFileType = sourcecode.swift; path = BrowseViewController.swift; sourceTree = "<group>"; };
		1261855E226F61D3004815D2 /* Class.swift */ = {isa = PBXFileReference; lastKnownFileType = sourcecode.swift; path = Class.swift; sourceTree = "<group>"; };
		12618560226F620C004815D2 /* ClassTableViewCell.swift */ = {isa = PBXFileReference; lastKnownFileType = sourcecode.swift; path = ClassTableViewCell.swift; sourceTree = "<group>"; };
		12618562226F6DE4004815D2 /* RecentGroupCollectionViewCell.swift */ = {isa = PBXFileReference; lastKnownFileType = sourcecode.swift; path = RecentGroupCollectionViewCell.swift; sourceTree = "<group>"; };
		12BF581E227FDA7E00F87A4C /* SignInViewController.swift */ = {isa = PBXFileReference; lastKnownFileType = sourcecode.swift; path = SignInViewController.swift; sourceTree = "<group>"; };
		4E954EFE1D84A91239F4A65F /* Pods_hackchallenge.framework */ = {isa = PBXFileReference; explicitFileType = wrapper.framework; includeInIndex = 0; path = Pods_hackchallenge.framework; sourceTree = BUILT_PRODUCTS_DIR; };
		64F255BD14B41A022A903F57 /* Pods-hackchallenge.release.xcconfig */ = {isa = PBXFileReference; includeInIndex = 1; lastKnownFileType = text.xcconfig; name = "Pods-hackchallenge.release.xcconfig"; path = "Target Support Files/Pods-hackchallenge/Pods-hackchallenge.release.xcconfig"; sourceTree = "<group>"; };
		CA78C984227659430059526C /* User.swift */ = {isa = PBXFileReference; lastKnownFileType = sourcecode.swift; path = User.swift; sourceTree = "<group>"; };
		CA78C98D227691EB0059526C /* Assignment.swift */ = {isa = PBXFileReference; lastKnownFileType = sourcecode.swift; path = Assignment.swift; sourceTree = "<group>"; };
		CA78C98F227692300059526C /* Message.swift */ = {isa = PBXFileReference; lastKnownFileType = sourcecode.swift; path = Message.swift; sourceTree = "<group>"; };
		CABED14B227A85F800A5283C /* MessagesViewController.swift */ = {isa = PBXFileReference; lastKnownFileType = sourcecode.swift; path = MessagesViewController.swift; sourceTree = "<group>"; };
		CAC169F0227F8AA80051070A /* Colors.swift */ = {isa = PBXFileReference; lastKnownFileType = sourcecode.swift; path = Colors.swift; sourceTree = "<group>"; };
		D6E730C45ED4B093776E8EC9 /* Pods-hackchallenge.debug.xcconfig */ = {isa = PBXFileReference; includeInIndex = 1; lastKnownFileType = text.xcconfig; name = "Pods-hackchallenge.debug.xcconfig"; path = "Target Support Files/Pods-hackchallenge/Pods-hackchallenge.debug.xcconfig"; sourceTree = "<group>"; };
		EAEF96B4227DDCBC00952F12 /* ErrorMessage.swift */ = {isa = PBXFileReference; lastKnownFileType = sourcecode.swift; path = ErrorMessage.swift; sourceTree = "<group>"; };
		EAEF96B6227F64F200952F12 /* MessageCell.swift */ = {isa = PBXFileReference; lastKnownFileType = sourcecode.swift; path = MessageCell.swift; sourceTree = "<group>"; };
/* End PBXFileReference section */

/* Begin PBXFrameworksBuildPhase section */
		12618544226F6187004815D2 /* Frameworks */ = {
			isa = PBXFrameworksBuildPhase;
			buildActionMask = 2147483647;
			files = (
				78E293BE7FEE58AEDBCC965D /* Pods_hackchallenge.framework in Frameworks */,
			);
			runOnlyForDeploymentPostprocessing = 0;
		};
/* End PBXFrameworksBuildPhase section */

/* Begin PBXGroup section */
		1261853E226F6187004815D2 = {
			isa = PBXGroup;
			children = (
				12618549226F6187004815D2 /* hackchallenge */,
				12618548226F6187004815D2 /* Products */,
				C9CAFD489A9795440FD9CD81 /* Pods */,
				9A83D2D4F24E189BA44CDA46 /* Frameworks */,
			);
			sourceTree = "<group>";
		};
		12618548226F6187004815D2 /* Products */ = {
			isa = PBXGroup;
			children = (
				12618547226F6187004815D2 /* hackchallenge.app */,
			);
			name = Products;
			sourceTree = "<group>";
		};
		12618549226F6187004815D2 /* hackchallenge */ = {
			isa = PBXGroup;
			children = (
				1261854A226F6187004815D2 /* AppDelegate.swift */,
				12BF581E227FDA7E00F87A4C /* SignInViewController.swift */,
				120EE35B227220C4002DA6F2 /* CustomTabBarController.swift */,
				1261855C226F61C2004815D2 /* BrowseViewController.swift */,
				CAC169F0227F8AA80051070A /* Colors.swift */,
				12618560226F620C004815D2 /* ClassTableViewCell.swift */,
				1258569C226FD80200AA6366 /* ClassViewController.swift */,
				122F006E22755BAB003536D3 /* GroupTableViewCell.swift */,
				EAEF96B6227F64F200952F12 /* MessageCell.swift */,
				CABED14B227A85F800A5283C /* MessagesViewController.swift */,
				1261854C226F6187004815D2 /* ViewController.swift */,
				12618562226F6DE4004815D2 /* RecentGroupCollectionViewCell.swift */,
				CA78C98C227691C10059526C /* JSONData */,
				12618551226F6188004815D2 /* Assets.xcassets */,
				12618553226F6188004815D2 /* LaunchScreen.storyboard */,
				12618556226F6188004815D2 /* Info.plist */,
			);
			path = hackchallenge;
			sourceTree = "<group>";
		};
		9A83D2D4F24E189BA44CDA46 /* Frameworks */ = {
			isa = PBXGroup;
			children = (
				4E954EFE1D84A91239F4A65F /* Pods_hackchallenge.framework */,
			);
			name = Frameworks;
			sourceTree = "<group>";
		};
		C9CAFD489A9795440FD9CD81 /* Pods */ = {
			isa = PBXGroup;
			children = (
				D6E730C45ED4B093776E8EC9 /* Pods-hackchallenge.debug.xcconfig */,
				64F255BD14B41A022A903F57 /* Pods-hackchallenge.release.xcconfig */,
			);
			path = Pods;
			sourceTree = "<group>";
		};
		CA78C98C227691C10059526C /* JSONData */ = {
			isa = PBXGroup;
			children = (
				1261855E226F61D3004815D2 /* Class.swift */,
				CA78C984227659430059526C /* User.swift */,
				12278E53226F843E009867D6 /* Group.swift */,
				120D221622717389002B5445 /* NetworkManager.swift */,
				CA78C98D227691EB0059526C /* Assignment.swift */,
				CA78C98F227692300059526C /* Message.swift */,
				EAEF96B4227DDCBC00952F12 /* ErrorMessage.swift */,
			);
			path = JSONData;
			sourceTree = "<group>";
		};
/* End PBXGroup section */

/* Begin PBXNativeTarget section */
		12618546226F6187004815D2 /* hackchallenge */ = {
			isa = PBXNativeTarget;
			buildConfigurationList = 12618559226F6188004815D2 /* Build configuration list for PBXNativeTarget "hackchallenge" */;
			buildPhases = (
				56B178038EB2B251433B9C74 /* [CP] Check Pods Manifest.lock */,
				12618543226F6187004815D2 /* Sources */,
				12618544226F6187004815D2 /* Frameworks */,
				12618545226F6187004815D2 /* Resources */,
				D3D444E2E372FC43A9015C2D /* [CP] Embed Pods Frameworks */,
				DB33A12CB600C7191F60A533 /* [CP] Copy Pods Resources */,
			);
			buildRules = (
			);
			dependencies = (
			);
			name = hackchallenge;
			productName = hackchallenge;
			productReference = 12618547226F6187004815D2 /* hackchallenge.app */;
			productType = "com.apple.product-type.application";
		};
/* End PBXNativeTarget section */

/* Begin PBXProject section */
		1261853F226F6187004815D2 /* Project object */ = {
			isa = PBXProject;
			attributes = {
				LastSwiftUpdateCheck = 1010;
				LastUpgradeCheck = 1010;
				ORGANIZATIONNAME = "Michael Behrens";
				TargetAttributes = {
					12618546226F6187004815D2 = {
						CreatedOnToolsVersion = 10.1;
					};
				};
			};
			buildConfigurationList = 12618542226F6187004815D2 /* Build configuration list for PBXProject "hackchallenge" */;
			compatibilityVersion = "Xcode 9.3";
			developmentRegion = en;
			hasScannedForEncodings = 0;
			knownRegions = (
				en,
				Base,
			);
			mainGroup = 1261853E226F6187004815D2;
			productRefGroup = 12618548226F6187004815D2 /* Products */;
			projectDirPath = "";
			projectRoot = "";
			targets = (
				12618546226F6187004815D2 /* hackchallenge */,
			);
		};
/* End PBXProject section */

/* Begin PBXResourcesBuildPhase section */
		12618545226F6187004815D2 /* Resources */ = {
			isa = PBXResourcesBuildPhase;
			buildActionMask = 2147483647;
			files = (
				12618555226F6188004815D2 /* LaunchScreen.storyboard in Resources */,
				12618552226F6188004815D2 /* Assets.xcassets in Resources */,
			);
			runOnlyForDeploymentPostprocessing = 0;
		};
/* End PBXResourcesBuildPhase section */

/* Begin PBXShellScriptBuildPhase section */
		56B178038EB2B251433B9C74 /* [CP] Check Pods Manifest.lock */ = {
			isa = PBXShellScriptBuildPhase;
			buildActionMask = 2147483647;
			files = (
			);
			inputFileListPaths = (
			);
			inputPaths = (
				"${PODS_PODFILE_DIR_PATH}/Podfile.lock",
				"${PODS_ROOT}/Manifest.lock",
			);
			name = "[CP] Check Pods Manifest.lock";
			outputFileListPaths = (
			);
			outputPaths = (
				"$(DERIVED_FILE_DIR)/Pods-hackchallenge-checkManifestLockResult.txt",
			);
			runOnlyForDeploymentPostprocessing = 0;
			shellPath = /bin/sh;
			shellScript = "diff \"${PODS_PODFILE_DIR_PATH}/Podfile.lock\" \"${PODS_ROOT}/Manifest.lock\" > /dev/null\nif [ $? != 0 ] ; then\n    # print error to STDERR\n    echo \"error: The sandbox is not in sync with the Podfile.lock. Run 'pod install' or update your CocoaPods installation.\" >&2\n    exit 1\nfi\n# This output is used by Xcode 'outputs' to avoid re-running this script phase.\necho \"SUCCESS\" > \"${SCRIPT_OUTPUT_FILE_0}\"\n";
			showEnvVarsInLog = 0;
		};
		D3D444E2E372FC43A9015C2D /* [CP] Embed Pods Frameworks */ = {
			isa = PBXShellScriptBuildPhase;
			buildActionMask = 2147483647;
			files = (
			);
			inputFileListPaths = (
			);
			inputPaths = (
				"${PODS_ROOT}/Target Support Files/Pods-hackchallenge/Pods-hackchallenge-frameworks.sh",
				"${BUILT_PRODUCTS_DIR}/Alamofire/Alamofire.framework",
				"${BUILT_PRODUCTS_DIR}/GTMSessionFetcher/GTMSessionFetcher.framework",
				"${BUILT_PRODUCTS_DIR}/GoogleToolboxForMac/GoogleToolboxForMac.framework",
				"${BUILT_PRODUCTS_DIR}/NVActivityIndicatorView/NVActivityIndicatorView.framework",
			);
			name = "[CP] Embed Pods Frameworks";
			outputFileListPaths = (
			);
			outputPaths = (
				"${TARGET_BUILD_DIR}/${FRAMEWORKS_FOLDER_PATH}/Alamofire.framework",
				"${TARGET_BUILD_DIR}/${FRAMEWORKS_FOLDER_PATH}/GTMSessionFetcher.framework",
				"${TARGET_BUILD_DIR}/${FRAMEWORKS_FOLDER_PATH}/GoogleToolboxForMac.framework",
				"${TARGET_BUILD_DIR}/${FRAMEWORKS_FOLDER_PATH}/NVActivityIndicatorView.framework",
			);
			runOnlyForDeploymentPostprocessing = 0;
			shellPath = /bin/sh;
			shellScript = "\"${PODS_ROOT}/Target Support Files/Pods-hackchallenge/Pods-hackchallenge-frameworks.sh\"\n";
			showEnvVarsInLog = 0;
		};
		DB33A12CB600C7191F60A533 /* [CP] Copy Pods Resources */ = {
			isa = PBXShellScriptBuildPhase;
			buildActionMask = 2147483647;
			files = (
			);
			inputFileListPaths = (
			);
			inputPaths = (
				"${PODS_ROOT}/Target Support Files/Pods-hackchallenge/Pods-hackchallenge-resources.sh",
				"${PODS_ROOT}/GoogleSignIn/Resources/GoogleSignIn.bundle",
			);
			name = "[CP] Copy Pods Resources";
			outputFileListPaths = (
			);
			outputPaths = (
				"${TARGET_BUILD_DIR}/${UNLOCALIZED_RESOURCES_FOLDER_PATH}/GoogleSignIn.bundle",
			);
			runOnlyForDeploymentPostprocessing = 0;
			shellPath = /bin/sh;
			shellScript = "\"${PODS_ROOT}/Target Support Files/Pods-hackchallenge/Pods-hackchallenge-resources.sh\"\n";
			showEnvVarsInLog = 0;
		};
/* End PBXShellScriptBuildPhase section */

/* Begin PBXSourcesBuildPhase section */
		12618543226F6187004815D2 /* Sources */ = {
			isa = PBXSourcesBuildPhase;
			buildActionMask = 2147483647;
			files = (
				CA78C98E227691EB0059526C /* Assignment.swift in Sources */,
				EAEF96B7227F64F200952F12 /* MessageCell.swift in Sources */,
				120D221722717389002B5445 /* NetworkManager.swift in Sources */,
				CA78C990227692300059526C /* Message.swift in Sources */,
				EAEF96B5227DDCBC00952F12 /* ErrorMessage.swift in Sources */,
				12278E54226F843E009867D6 /* Group.swift in Sources */,
				120EE35C227220C4002DA6F2 /* CustomTabBarController.swift in Sources */,
				12BF581F227FDA7E00F87A4C /* SignInViewController.swift in Sources */,
				1258569D226FD80200AA6366 /* ClassViewController.swift in Sources */,
				CAC169F1227F8AA80051070A /* Colors.swift in Sources */,
				CA78C985227659430059526C /* User.swift in Sources */,
				1261855F226F61D3004815D2 /* Class.swift in Sources */,
				1261855D226F61C2004815D2 /* BrowseViewController.swift in Sources */,
				CABED14C227A85F800A5283C /* MessagesViewController.swift in Sources */,
				1261854D226F6187004815D2 /* ViewController.swift in Sources */,
				12618561226F620C004815D2 /* ClassTableViewCell.swift in Sources */,
				1261854B226F6187004815D2 /* AppDelegate.swift in Sources */,
				122F006F22755BAB003536D3 /* GroupTableViewCell.swift in Sources */,
				12618563226F6DE4004815D2 /* RecentGroupCollectionViewCell.swift in Sources */,
			);
			runOnlyForDeploymentPostprocessing = 0;
		};
/* End PBXSourcesBuildPhase section */

/* Begin PBXVariantGroup section */
		12618553226F6188004815D2 /* LaunchScreen.storyboard */ = {
			isa = PBXVariantGroup;
			children = (
				12618554226F6188004815D2 /* Base */,
			);
			name = LaunchScreen.storyboard;
			sourceTree = "<group>";
		};
/* End PBXVariantGroup section */

/* Begin XCBuildConfiguration section */
		12618557226F6188004815D2 /* Debug */ = {
			isa = XCBuildConfiguration;
			buildSettings = {
				ALWAYS_SEARCH_USER_PATHS = NO;
				CLANG_ANALYZER_NONNULL = YES;
				CLANG_ANALYZER_NUMBER_OBJECT_CONVERSION = YES_AGGRESSIVE;
				CLANG_CXX_LANGUAGE_STANDARD = "gnu++14";
				CLANG_CXX_LIBRARY = "libc++";
				CLANG_ENABLE_MODULES = YES;
				CLANG_ENABLE_OBJC_ARC = YES;
				CLANG_ENABLE_OBJC_WEAK = YES;
				CLANG_WARN_BLOCK_CAPTURE_AUTORELEASING = YES;
				CLANG_WARN_BOOL_CONVERSION = YES;
				CLANG_WARN_COMMA = YES;
				CLANG_WARN_CONSTANT_CONVERSION = YES;
				CLANG_WARN_DEPRECATED_OBJC_IMPLEMENTATIONS = YES;
				CLANG_WARN_DIRECT_OBJC_ISA_USAGE = YES_ERROR;
				CLANG_WARN_DOCUMENTATION_COMMENTS = YES;
				CLANG_WARN_EMPTY_BODY = YES;
				CLANG_WARN_ENUM_CONVERSION = YES;
				CLANG_WARN_INFINITE_RECURSION = YES;
				CLANG_WARN_INT_CONVERSION = YES;
				CLANG_WARN_NON_LITERAL_NULL_CONVERSION = YES;
				CLANG_WARN_OBJC_IMPLICIT_RETAIN_SELF = YES;
				CLANG_WARN_OBJC_LITERAL_CONVERSION = YES;
				CLANG_WARN_OBJC_ROOT_CLASS = YES_ERROR;
				CLANG_WARN_RANGE_LOOP_ANALYSIS = YES;
				CLANG_WARN_STRICT_PROTOTYPES = YES;
				CLANG_WARN_SUSPICIOUS_MOVE = YES;
				CLANG_WARN_UNGUARDED_AVAILABILITY = YES_AGGRESSIVE;
				CLANG_WARN_UNREACHABLE_CODE = YES;
				CLANG_WARN__DUPLICATE_METHOD_MATCH = YES;
				CODE_SIGN_IDENTITY = "iPhone Developer";
				COPY_PHASE_STRIP = NO;
				DEBUG_INFORMATION_FORMAT = dwarf;
				ENABLE_STRICT_OBJC_MSGSEND = YES;
				ENABLE_TESTABILITY = YES;
				GCC_C_LANGUAGE_STANDARD = gnu11;
				GCC_DYNAMIC_NO_PIC = NO;
				GCC_NO_COMMON_BLOCKS = YES;
				GCC_OPTIMIZATION_LEVEL = 0;
				GCC_PREPROCESSOR_DEFINITIONS = (
					"DEBUG=1",
					"$(inherited)",
				);
				GCC_WARN_64_TO_32_BIT_CONVERSION = YES;
				GCC_WARN_ABOUT_RETURN_TYPE = YES_ERROR;
				GCC_WARN_UNDECLARED_SELECTOR = YES;
				GCC_WARN_UNINITIALIZED_AUTOS = YES_AGGRESSIVE;
				GCC_WARN_UNUSED_FUNCTION = YES;
				GCC_WARN_UNUSED_VARIABLE = YES;
				IPHONEOS_DEPLOYMENT_TARGET = 12.1;
				MTL_ENABLE_DEBUG_INFO = INCLUDE_SOURCE;
				MTL_FAST_MATH = YES;
				ONLY_ACTIVE_ARCH = YES;
				SDKROOT = iphoneos;
				SWIFT_ACTIVE_COMPILATION_CONDITIONS = DEBUG;
				SWIFT_OPTIMIZATION_LEVEL = "-Onone";
			};
			name = Debug;
		};
		12618558226F6188004815D2 /* Release */ = {
			isa = XCBuildConfiguration;
			buildSettings = {
				ALWAYS_SEARCH_USER_PATHS = NO;
				CLANG_ANALYZER_NONNULL = YES;
				CLANG_ANALYZER_NUMBER_OBJECT_CONVERSION = YES_AGGRESSIVE;
				CLANG_CXX_LANGUAGE_STANDARD = "gnu++14";
				CLANG_CXX_LIBRARY = "libc++";
				CLANG_ENABLE_MODULES = YES;
				CLANG_ENABLE_OBJC_ARC = YES;
				CLANG_ENABLE_OBJC_WEAK = YES;
				CLANG_WARN_BLOCK_CAPTURE_AUTORELEASING = YES;
				CLANG_WARN_BOOL_CONVERSION = YES;
				CLANG_WARN_COMMA = YES;
				CLANG_WARN_CONSTANT_CONVERSION = YES;
				CLANG_WARN_DEPRECATED_OBJC_IMPLEMENTATIONS = YES;
				CLANG_WARN_DIRECT_OBJC_ISA_USAGE = YES_ERROR;
				CLANG_WARN_DOCUMENTATION_COMMENTS = YES;
				CLANG_WARN_EMPTY_BODY = YES;
				CLANG_WARN_ENUM_CONVERSION = YES;
				CLANG_WARN_INFINITE_RECURSION = YES;
				CLANG_WARN_INT_CONVERSION = YES;
				CLANG_WARN_NON_LITERAL_NULL_CONVERSION = YES;
				CLANG_WARN_OBJC_IMPLICIT_RETAIN_SELF = YES;
				CLANG_WARN_OBJC_LITERAL_CONVERSION = YES;
				CLANG_WARN_OBJC_ROOT_CLASS = YES_ERROR;
				CLANG_WARN_RANGE_LOOP_ANALYSIS = YES;
				CLANG_WARN_STRICT_PROTOTYPES = YES;
				CLANG_WARN_SUSPICIOUS_MOVE = YES;
				CLANG_WARN_UNGUARDED_AVAILABILITY = YES_AGGRESSIVE;
				CLANG_WARN_UNREACHABLE_CODE = YES;
				CLANG_WARN__DUPLICATE_METHOD_MATCH = YES;
				CODE_SIGN_IDENTITY = "iPhone Developer";
				COPY_PHASE_STRIP = NO;
				DEBUG_INFORMATION_FORMAT = "dwarf-with-dsym";
				ENABLE_NS_ASSERTIONS = NO;
				ENABLE_STRICT_OBJC_MSGSEND = YES;
				GCC_C_LANGUAGE_STANDARD = gnu11;
				GCC_NO_COMMON_BLOCKS = YES;
				GCC_WARN_64_TO_32_BIT_CONVERSION = YES;
				GCC_WARN_ABOUT_RETURN_TYPE = YES_ERROR;
				GCC_WARN_UNDECLARED_SELECTOR = YES;
				GCC_WARN_UNINITIALIZED_AUTOS = YES_AGGRESSIVE;
				GCC_WARN_UNUSED_FUNCTION = YES;
				GCC_WARN_UNUSED_VARIABLE = YES;
				IPHONEOS_DEPLOYMENT_TARGET = 12.1;
				MTL_ENABLE_DEBUG_INFO = NO;
				MTL_FAST_MATH = YES;
				SDKROOT = iphoneos;
				SWIFT_COMPILATION_MODE = wholemodule;
				SWIFT_OPTIMIZATION_LEVEL = "-O";
				VALIDATE_PRODUCT = YES;
			};
			name = Release;
		};
		1261855A226F6188004815D2 /* Debug */ = {
			isa = XCBuildConfiguration;
			baseConfigurationReference = D6E730C45ED4B093776E8EC9 /* Pods-hackchallenge.debug.xcconfig */;
			buildSettings = {
				ASSETCATALOG_COMPILER_APPICON_NAME = AppIcon;
				CODE_SIGN_STYLE = Automatic;
				DEVELOPMENT_TEAM = 37AKFHT6H5;
				INFOPLIST_FILE = hackchallenge/Info.plist;
				LD_RUNPATH_SEARCH_PATHS = (
					"$(inherited)",
					"@executable_path/Frameworks",
				);
				PRODUCT_BUNDLE_IDENTIFIER = com.example.hackchallenge;
				PRODUCT_NAME = "$(TARGET_NAME)";
				SWIFT_VERSION = 4.2;
				TARGETED_DEVICE_FAMILY = "1,2";
			};
			name = Debug;
		};
		1261855B226F6188004815D2 /* Release */ = {
			isa = XCBuildConfiguration;
			baseConfigurationReference = 64F255BD14B41A022A903F57 /* Pods-hackchallenge.release.xcconfig */;
			buildSettings = {
				ASSETCATALOG_COMPILER_APPICON_NAME = AppIcon;
				CODE_SIGN_STYLE = Automatic;
				DEVELOPMENT_TEAM = 37AKFHT6H5;
				INFOPLIST_FILE = hackchallenge/Info.plist;
				LD_RUNPATH_SEARCH_PATHS = (
					"$(inherited)",
					"@executable_path/Frameworks",
				);
				PRODUCT_BUNDLE_IDENTIFIER = com.example.hackchallenge;
				PRODUCT_NAME = "$(TARGET_NAME)";
				SWIFT_VERSION = 4.2;
				TARGETED_DEVICE_FAMILY = "1,2";
			};
			name = Release;
		};
/* End XCBuildConfiguration section */

/* Begin XCConfigurationList section */
		12618542226F6187004815D2 /* Build configuration list for PBXProject "hackchallenge" */ = {
			isa = XCConfigurationList;
			buildConfigurations = (
				12618557226F6188004815D2 /* Debug */,
				12618558226F6188004815D2 /* Release */,
			);
			defaultConfigurationIsVisible = 0;
			defaultConfigurationName = Release;
		};
		12618559226F6188004815D2 /* Build configuration list for PBXNativeTarget "hackchallenge" */ = {
			isa = XCConfigurationList;
			buildConfigurations = (
				1261855A226F6188004815D2 /* Debug */,
				1261855B226F6188004815D2 /* Release */,
			);
			defaultConfigurationIsVisible = 0;
			defaultConfigurationName = Release;
		};
/* End XCConfigurationList section */
	};
	rootObject = 1261853F226F6187004815D2 /* Project object */;
}
